
Microsoft Visual Studio Solution File, Format Version 12.00
# Visual Studio Version 17
VisualStudioVersion = 17.12.35417.141
MinimumVisualStudioVersion = 10.0.40219.1
Project("{9A19103F-16F7-4668-BE54-9A1E7A4F7556}") = "MMEmergencyCall.Api", "MMEmergencyCall.Api\MMEmergencyCall.Api.csproj", "{BCD10C76-700F-4372-9967-6F3279FF5332}"
EndProject
Project("{9A19103F-16F7-4668-BE54-9A1E7A4F7556}") = "MMEmergencyCall.Databases", "MMEmergencyCall.Database\MMEmergencyCall.Databases.csproj", "{B626FCEB-10A6-40B7-AB20-F3C810CCF15F}"
EndProject
Project("{2150E333-8FDC-42A3-9474-1A3956D46DE8}") = "Documents", "Documents", "{BB3851DD-EA6B-49C2-991D-A016846E5A7C}"
	ProjectSection(SolutionItems) = preProject
		MMEmergencyCall_Combined.postman_collection.json = MMEmergencyCall_Combined.postman_collection.json
		README.md = README.md
		script.sql = script.sql
	EndProjectSection
EndProject
Project("{9A19103F-16F7-4668-BE54-9A1E7A4F7556}") = "MMEmergencyCall.Shared", "MMEmergencyCall.Shared\MMEmergencyCall.Shared.csproj", "{37F5B8D3-4C8B-4C8E-8054-979C9B1CE4C0}"
EndProject
Project("{9A19103F-16F7-4668-BE54-9A1E7A4F7556}") = "MMEmergencyCall.Console", "MMEMergencyCall.Console\MMEmergencyCall.Console.csproj", "{CF9377EC-7BC2-4E9A-891E-B3D2A47C77E6}"
EndProject
Project("{9A19103F-16F7-4668-BE54-9A1E7A4F7556}") = "MMEmergencyCall.Domain.Admin", "MMEmergencyCall.Domain.Admin\MMEmergencyCall.Domain.Admin.csproj", "{2024311D-E3F5-4E5B-94D2-33DA4CDEA1F7}"
EndProject
Project("{9A19103F-16F7-4668-BE54-9A1E7A4F7556}") = "MMEmergencyCall.Domain.Client", "MMEmergencyCall.Domain.Client\MMEmergencyCall.Domain.Client.csproj", "{A52F2E3F-5296-4B45-9123-937E456810A7}"
EndProject
Project("{FAE04EC0-301F-11D3-BF4B-00C04F79EFBC}") = "MMEmergencyCall.ResultPattern.Tests", "MMEmergencyCall.ResultPattern.Tests\MMEmergencyCall.ResultPattern.Tests.csproj", "{4E984B0D-8171-49D9-9A94-66BC4F02C7B5}"
EndProject
Project("{FAE04EC0-301F-11D3-BF4B-00C04F79EFBC}") = "MMEmergencyCall.Web", "MMEmergencyCall.Web\MMEmergencyCall.Web.csproj", "{62923797-AFE1-471B-84C1-D5049C62D015}"
EndProject
Global
	GlobalSection(SolutionConfigurationPlatforms) = preSolution
		Debug|Any CPU = Debug|Any CPU
		Debug|x64 = Debug|x64
		Debug|x86 = Debug|x86
		Release|Any CPU = Release|Any CPU
		Release|x64 = Release|x64
		Release|x86 = Release|x86
	EndGlobalSection
	GlobalSection(ProjectConfigurationPlatforms) = postSolution
		{BCD10C76-700F-4372-9967-6F3279FF5332}.Debug|Any CPU.ActiveCfg = Debug|Any CPU
		{BCD10C76-700F-4372-9967-6F3279FF5332}.Debug|Any CPU.Build.0 = Debug|Any CPU
		{BCD10C76-700F-4372-9967-6F3279FF5332}.Debug|x64.ActiveCfg = Debug|Any CPU
		{BCD10C76-700F-4372-9967-6F3279FF5332}.Debug|x64.Build.0 = Debug|Any CPU
		{BCD10C76-700F-4372-9967-6F3279FF5332}.Debug|x86.ActiveCfg = Debug|Any CPU
		{BCD10C76-700F-4372-9967-6F3279FF5332}.Debug|x86.Build.0 = Debug|Any CPU
		{BCD10C76-700F-4372-9967-6F3279FF5332}.Release|Any CPU.ActiveCfg = Release|Any CPU
		{BCD10C76-700F-4372-9967-6F3279FF5332}.Release|Any CPU.Build.0 = Release|Any CPU
		{BCD10C76-700F-4372-9967-6F3279FF5332}.Release|x64.ActiveCfg = Release|Any CPU
		{BCD10C76-700F-4372-9967-6F3279FF5332}.Release|x64.Build.0 = Release|Any CPU
		{BCD10C76-700F-4372-9967-6F3279FF5332}.Release|x86.ActiveCfg = Release|Any CPU
		{BCD10C76-700F-4372-9967-6F3279FF5332}.Release|x86.Build.0 = Release|Any CPU
		{B626FCEB-10A6-40B7-AB20-F3C810CCF15F}.Debug|Any CPU.ActiveCfg = Debug|Any CPU
		{B626FCEB-10A6-40B7-AB20-F3C810CCF15F}.Debug|Any CPU.Build.0 = Debug|Any CPU
		{B626FCEB-10A6-40B7-AB20-F3C810CCF15F}.Debug|x64.ActiveCfg = Debug|Any CPU
		{B626FCEB-10A6-40B7-AB20-F3C810CCF15F}.Debug|x64.Build.0 = Debug|Any CPU
		{B626FCEB-10A6-40B7-AB20-F3C810CCF15F}.Debug|x86.ActiveCfg = Debug|Any CPU
		{B626FCEB-10A6-40B7-AB20-F3C810CCF15F}.Debug|x86.Build.0 = Debug|Any CPU
		{B626FCEB-10A6-40B7-AB20-F3C810CCF15F}.Release|Any CPU.ActiveCfg = Release|Any CPU
		{B626FCEB-10A6-40B7-AB20-F3C810CCF15F}.Release|Any CPU.Build.0 = Release|Any CPU
		{B626FCEB-10A6-40B7-AB20-F3C810CCF15F}.Release|x64.ActiveCfg = Release|Any CPU
		{B626FCEB-10A6-40B7-AB20-F3C810CCF15F}.Release|x64.Build.0 = Release|Any CPU
		{B626FCEB-10A6-40B7-AB20-F3C810CCF15F}.Release|x86.ActiveCfg = Release|Any CPU
		{B626FCEB-10A6-40B7-AB20-F3C810CCF15F}.Release|x86.Build.0 = Release|Any CPU
		{37F5B8D3-4C8B-4C8E-8054-979C9B1CE4C0}.Debug|Any CPU.ActiveCfg = Debug|Any CPU
		{37F5B8D3-4C8B-4C8E-8054-979C9B1CE4C0}.Debug|Any CPU.Build.0 = Debug|Any CPU
		{37F5B8D3-4C8B-4C8E-8054-979C9B1CE4C0}.Debug|x64.ActiveCfg = Debug|Any CPU
		{37F5B8D3-4C8B-4C8E-8054-979C9B1CE4C0}.Debug|x64.Build.0 = Debug|Any CPU
		{37F5B8D3-4C8B-4C8E-8054-979C9B1CE4C0}.Debug|x86.ActiveCfg = Debug|Any CPU
		{37F5B8D3-4C8B-4C8E-8054-979C9B1CE4C0}.Debug|x86.Build.0 = Debug|Any CPU
		{37F5B8D3-4C8B-4C8E-8054-979C9B1CE4C0}.Release|Any CPU.ActiveCfg = Release|Any CPU
		{37F5B8D3-4C8B-4C8E-8054-979C9B1CE4C0}.Release|Any CPU.Build.0 = Release|Any CPU
		{37F5B8D3-4C8B-4C8E-8054-979C9B1CE4C0}.Release|x64.ActiveCfg = Release|Any CPU
		{37F5B8D3-4C8B-4C8E-8054-979C9B1CE4C0}.Release|x64.Build.0 = Release|Any CPU
		{37F5B8D3-4C8B-4C8E-8054-979C9B1CE4C0}.Release|x86.ActiveCfg = Release|Any CPU
		{37F5B8D3-4C8B-4C8E-8054-979C9B1CE4C0}.Release|x86.Build.0 = Release|Any CPU
		{CF9377EC-7BC2-4E9A-891E-B3D2A47C77E6}.Debug|Any CPU.ActiveCfg = Debug|Any CPU
		{CF9377EC-7BC2-4E9A-891E-B3D2A47C77E6}.Debug|Any CPU.Build.0 = Debug|Any CPU
		{CF9377EC-7BC2-4E9A-891E-B3D2A47C77E6}.Debug|x64.ActiveCfg = Debug|Any CPU
		{CF9377EC-7BC2-4E9A-891E-B3D2A47C77E6}.Debug|x64.Build.0 = Debug|Any CPU
		{CF9377EC-7BC2-4E9A-891E-B3D2A47C77E6}.Debug|x86.ActiveCfg = Debug|Any CPU
		{CF9377EC-7BC2-4E9A-891E-B3D2A47C77E6}.Debug|x86.Build.0 = Debug|Any CPU
		{CF9377EC-7BC2-4E9A-891E-B3D2A47C77E6}.Release|Any CPU.ActiveCfg = Release|Any CPU
		{CF9377EC-7BC2-4E9A-891E-B3D2A47C77E6}.Release|Any CPU.Build.0 = Release|Any CPU
		{CF9377EC-7BC2-4E9A-891E-B3D2A47C77E6}.Release|x64.ActiveCfg = Release|Any CPU
		{CF9377EC-7BC2-4E9A-891E-B3D2A47C77E6}.Release|x64.Build.0 = Release|Any CPU
		{CF9377EC-7BC2-4E9A-891E-B3D2A47C77E6}.Release|x86.ActiveCfg = Release|Any CPU
		{CF9377EC-7BC2-4E9A-891E-B3D2A47C77E6}.Release|x86.Build.0 = Release|Any CPU
		{2024311D-E3F5-4E5B-94D2-33DA4CDEA1F7}.Debug|Any CPU.ActiveCfg = Debug|Any CPU
		{2024311D-E3F5-4E5B-94D2-33DA4CDEA1F7}.Debug|Any CPU.Build.0 = Debug|Any CPU
		{2024311D-E3F5-4E5B-94D2-33DA4CDEA1F7}.Debug|x64.ActiveCfg = Debug|Any CPU
		{2024311D-E3F5-4E5B-94D2-33DA4CDEA1F7}.Debug|x64.Build.0 = Debug|Any CPU
		{2024311D-E3F5-4E5B-94D2-33DA4CDEA1F7}.Debug|x86.ActiveCfg = Debug|Any CPU
		{2024311D-E3F5-4E5B-94D2-33DA4CDEA1F7}.Debug|x86.Build.0 = Debug|Any CPU
		{2024311D-E3F5-4E5B-94D2-33DA4CDEA1F7}.Release|Any CPU.ActiveCfg = Release|Any CPU
		{2024311D-E3F5-4E5B-94D2-33DA4CDEA1F7}.Release|Any CPU.Build.0 = Release|Any CPU
		{2024311D-E3F5-4E5B-94D2-33DA4CDEA1F7}.Release|x64.ActiveCfg = Release|Any CPU
		{2024311D-E3F5-4E5B-94D2-33DA4CDEA1F7}.Release|x64.Build.0 = Release|Any CPU
		{2024311D-E3F5-4E5B-94D2-33DA4CDEA1F7}.Release|x86.ActiveCfg = Release|Any CPU
		{2024311D-E3F5-4E5B-94D2-33DA4CDEA1F7}.Release|x86.Build.0 = Release|Any CPU
		{A52F2E3F-5296-4B45-9123-937E456810A7}.Debug|Any CPU.ActiveCfg = Debug|Any CPU
		{A52F2E3F-5296-4B45-9123-937E456810A7}.Debug|Any CPU.Build.0 = Debug|Any CPU
		{A52F2E3F-5296-4B45-9123-937E456810A7}.Debug|x64.ActiveCfg = Debug|Any CPU
		{A52F2E3F-5296-4B45-9123-937E456810A7}.Debug|x64.Build.0 = Debug|Any CPU
		{A52F2E3F-5296-4B45-9123-937E456810A7}.Debug|x86.ActiveCfg = Debug|Any CPU
		{A52F2E3F-5296-4B45-9123-937E456810A7}.Debug|x86.Build.0 = Debug|Any CPU
		{A52F2E3F-5296-4B45-9123-937E456810A7}.Release|Any CPU.ActiveCfg = Release|Any CPU
		{A52F2E3F-5296-4B45-9123-937E456810A7}.Release|Any CPU.Build.0 = Release|Any CPU
		{A52F2E3F-5296-4B45-9123-937E456810A7}.Release|x64.ActiveCfg = Release|Any CPU
		{A52F2E3F-5296-4B45-9123-937E456810A7}.Release|x64.Build.0 = Release|Any CPU
		{A52F2E3F-5296-4B45-9123-937E456810A7}.Release|x86.ActiveCfg = Release|Any CPU
		{A52F2E3F-5296-4B45-9123-937E456810A7}.Release|x86.Build.0 = Release|Any CPU
		{4E984B0D-8171-49D9-9A94-66BC4F02C7B5}.Debug|Any CPU.ActiveCfg = Debug|Any CPU
		{4E984B0D-8171-49D9-9A94-66BC4F02C7B5}.Debug|Any CPU.Build.0 = Debug|Any CPU
		{4E984B0D-8171-49D9-9A94-66BC4F02C7B5}.Debug|x64.ActiveCfg = Debug|Any CPU
		{4E984B0D-8171-49D9-9A94-66BC4F02C7B5}.Debug|x64.Build.0 = Debug|Any CPU
		{4E984B0D-8171-49D9-9A94-66BC4F02C7B5}.Debug|x86.ActiveCfg = Debug|Any CPU
		{4E984B0D-8171-49D9-9A94-66BC4F02C7B5}.Debug|x86.Build.0 = Debug|Any CPU
		{4E984B0D-8171-49D9-9A94-66BC4F02C7B5}.Release|Any CPU.ActiveCfg = Release|Any CPU
		{4E984B0D-8171-49D9-9A94-66BC4F02C7B5}.Release|Any CPU.Build.0 = Release|Any CPU
		{4E984B0D-8171-49D9-9A94-66BC4F02C7B5}.Release|x64.ActiveCfg = Release|Any CPU
		{4E984B0D-8171-49D9-9A94-66BC4F02C7B5}.Release|x64.Build.0 = Release|Any CPU
		{4E984B0D-8171-49D9-9A94-66BC4F02C7B5}.Release|x86.ActiveCfg = Release|Any CPU
		{4E984B0D-8171-49D9-9A94-66BC4F02C7B5}.Release|x86.Build.0 = Release|Any CPU
		{62923797-AFE1-471B-84C1-D5049C62D015}.Debug|Any CPU.ActiveCfg = Debug|Any CPU
		{62923797-AFE1-471B-84C1-D5049C62D015}.Debug|Any CPU.Build.0 = Debug|Any CPU
		{62923797-AFE1-471B-84C1-D5049C62D015}.Debug|x64.ActiveCfg = Debug|Any CPU
		{62923797-AFE1-471B-84C1-D5049C62D015}.Debug|x64.Build.0 = Debug|Any CPU
		{62923797-AFE1-471B-84C1-D5049C62D015}.Debug|x86.ActiveCfg = Debug|Any CPU
		{62923797-AFE1-471B-84C1-D5049C62D015}.Debug|x86.Build.0 = Debug|Any CPU
		{62923797-AFE1-471B-84C1-D5049C62D015}.Release|Any CPU.ActiveCfg = Release|Any CPU
		{62923797-AFE1-471B-84C1-D5049C62D015}.Release|Any CPU.Build.0 = Release|Any CPU
		{62923797-AFE1-471B-84C1-D5049C62D015}.Release|x64.ActiveCfg = Release|Any CPU
		{62923797-AFE1-471B-84C1-D5049C62D015}.Release|x64.Build.0 = Release|Any CPU
		{62923797-AFE1-471B-84C1-D5049C62D015}.Release|x86.ActiveCfg = Release|Any CPU
		{62923797-AFE1-471B-84C1-D5049C62D015}.Release|x86.Build.0 = Release|Any CPU
	EndGlobalSection
	GlobalSection(SolutionProperties) = preSolution
		HideSolutionNode = FALSE
	EndGlobalSection
	GlobalSection(ExtensibilityGlobals) = postSolution
		SolutionGuid = {5FDD34F2-FDF8-4F11-BCF2-BE86F2BF66B8}
	EndGlobalSection
EndGlobal
